
Microsoft Visual Studio Solution File, Format Version 12.00
# Visual Studio 15
VisualStudioVersion = 15.0.27130.2010
MinimumVisualStudioVersion = 10.0.40219.1
Project("{FAE04EC0-301F-11D3-BF4B-00C04F79EFBC}") = "OFF-Spot.Web", "OFF-Spot.Web\OFF-Spot.Web.csproj", "{8252B08D-7B4D-4DF6-9286-B361F1E8DF86}"
EndProject
Project("{FAE04EC0-301F-11D3-BF4B-00C04F79EFBC}") = "OFF-Spot.Models", "OFF-Spot.Models\OFF-Spot.Models.csproj", "{7878EE73-3E1B-4DAE-B96D-DE4D276E45FB}"
EndProject
Project("{FAE04EC0-301F-11D3-BF4B-00C04F79EFBC}") = "OFF-Spot.Data", "OFF-Spot.Data\OFF-Spot.Data.csproj", "{A43E3850-C5DB-49F9-AC50-36F6757DE9A0}"
EndProject
Global
	GlobalSection(SolutionConfigurationPlatforms) = preSolution
		Debug|Any CPU = Debug|Any CPU
		Release|Any CPU = Release|Any CPU
	EndGlobalSection
	GlobalSection(ProjectConfigurationPlatforms) = postSolution
		{8252B08D-7B4D-4DF6-9286-B361F1E8DF86}.Debug|Any CPU.ActiveCfg = Debug|Any CPU
		{8252B08D-7B4D-4DF6-9286-B361F1E8DF86}.Debug|Any CPU.Build.0 = Debug|Any CPU
		{8252B08D-7B4D-4DF6-9286-B361F1E8DF86}.Release|Any CPU.ActiveCfg = Release|Any CPU
		{8252B08D-7B4D-4DF6-9286-B361F1E8DF86}.Release|Any CPU.Build.0 = Release|Any CPU
		{7878EE73-3E1B-4DAE-B96D-DE4D276E45FB}.Debug|Any CPU.ActiveCfg = Debug|Any CPU
		{7878EE73-3E1B-4DAE-B96D-DE4D276E45FB}.Debug|Any CPU.Build.0 = Debug|Any CPU
		{7878EE73-3E1B-4DAE-B96D-DE4D276E45FB}.Release|Any CPU.ActiveCfg = Release|Any CPU
		{7878EE73-3E1B-4DAE-B96D-DE4D276E45FB}.Release|Any CPU.Build.0 = Release|Any CPU
		{A43E3850-C5DB-49F9-AC50-36F6757DE9A0}.Debug|Any CPU.ActiveCfg = Debug|Any CPU
		{A43E3850-C5DB-49F9-AC50-36F6757DE9A0}.Debug|Any CPU.Build.0 = Debug|Any CPU
		{A43E3850-C5DB-49F9-AC50-36F6757DE9A0}.Release|Any CPU.ActiveCfg = Release|Any CPU
		{A43E3850-C5DB-49F9-AC50-36F6757DE9A0}.Release|Any CPU.Build.0 = Release|Any CPU
	EndGlobalSection
	GlobalSection(SolutionProperties) = preSolution
		HideSolutionNode = FALSE
	EndGlobalSection
	GlobalSection(ExtensibilityGlobals) = postSolution
		SolutionGuid = {D4EA013C-4803-4E4D-A687-9D80F8A5A318}
	EndGlobalSection
EndGlobal
